// !$*UTF8*$!
{
	archiveVersion = 1;
	classes = {
	};
	objectVersion = 46;
	objects = {

/* Begin PBXBuildFile section */
		90DC40091C5F3FB500516F27 /* AppDelegate.swift in Sources */ = {isa = PBXBuildFile; fileRef = 90DC40081C5F3FB500516F27 /* AppDelegate.swift */; };
		90DC400B1C5F3FB500516F27 /* ViewController.swift in Sources */ = {isa = PBXBuildFile; fileRef = 90DC400A1C5F3FB500516F27 /* ViewController.swift */; };
		90DC400E1C5F3FB500516F27 /* Main.storyboard in Resources */ = {isa = PBXBuildFile; fileRef = 90DC400C1C5F3FB500516F27 /* Main.storyboard */; };
		90DC40101C5F3FB500516F27 /* Assets.xcassets in Resources */ = {isa = PBXBuildFile; fileRef = 90DC400F1C5F3FB500516F27 /* Assets.xcassets */; };
		90DC40131C5F3FB500516F27 /* LaunchScreen.storyboard in Resources */ = {isa = PBXBuildFile; fileRef = 90DC40111C5F3FB500516F27 /* LaunchScreen.storyboard */; };
/* End PBXBuildFile section */

/* Begin PBXFileReference section */
		90DC40051C5F3FB500516F27 /* HandoffBsp.app */ = {isa = PBXFileReference; explicitFileType = wrapper.application; includeInIndex = 0; path = HandoffBsp.app; sourceTree = BUILT_PRODUCTS_DIR; };
		90DC40081C5F3FB500516F27 /* AppDelegate.swift */ = {isa = PBXFileReference; lastKnownFileType = sourcecode.swift; path = AppDelegate.swift; sourceTree = "<group>"; };
		90DC400A1C5F3FB500516F27 /* ViewController.swift */ = {isa = PBXFileReference; lastKnownFileType = sourcecode.swift; path = ViewController.swift; sourceTree = "<group>"; };
		90DC400D1C5F3FB500516F27 /* Base */ = {isa = PBXFileReference; lastKnownFileType = file.storyboard; name = Base; path = Base.lproj/Main.storyboard; sourceTree = "<group>"; };
		90DC400F1C5F3FB500516F27 /* Assets.xcassets */ = {isa = PBXFileReference; lastKnownFileType = folder.assetcatalog; path = Assets.xcassets; sourceTree = "<group>"; };
		90DC40121C5F3FB500516F27 /* Base */ = {isa = PBXFileReference; lastKnownFileType = file.storyboard; name = Base; path = Base.lproj/LaunchScreen.storyboard; sourceTree = "<group>"; };
		90DC40141C5F3FB500516F27 /* Info.plist */ = {isa = PBXFileReference; lastKnownFileType = text.plist.xml; path = Info.plist; sourceTree = "<group>"; };
/* End PBXFileReference section */

/* Begin PBXFrameworksBuildPhase section */
		90DC40021C5F3FB500516F27 /* Frameworks */ = {
			isa = PBXFrameworksBuildPhase;
			buildActionMask = 2147483647;
			files = (
			);
			runOnlyForDeploymentPostprocessing = 0;
		};
/* End PBXFrameworksBuildPhase section */

/* Begin PBXGroup section */
		90DC3FFC1C5F3FB500516F27 = {
			isa = PBXGroup;
			children = (
				90DC40071C5F3FB500516F27 /* HandoffBsp */,
				90DC40061C5F3FB500516F27 /* Products */,
			);
			sourceTree = "<group>";
		};
		90DC40061C5F3FB500516F27 /* Products */ = {
			isa = PBXGroup;
			children = (
				90DC40051C5F3FB500516F27 /* HandoffBsp.app */,
			);
			name = Products;
			sourceTree = "<group>";
		};
		90DC40071C5F3FB500516F27 /* HandoffBsp */ = {
			isa = PBXGroup;
			children = (
				90DC40081C5F3FB500516F27 /* AppDelegate.swift */,
				90DC400A1C5F3FB500516F27 /* ViewController.swift */,
				90DC400C1C5F3FB500516F27 /* Main.storyboard */,
				90DC400F1C5F3FB500516F27 /* Assets.xcassets */,
				90DC40111C5F3FB500516F27 /* LaunchScreen.storyboard */,
				90DC40141C5F3FB500516F27 /* Info.plist */,
			);
			path = HandoffBsp;
			sourceTree = "<group>";
		};
/* End PBXGroup section */

/* Begin PBXNativeTarget section */
		90DC40041C5F3FB500516F27 /* HandoffBsp */ = {
			isa = PBXNativeTarget;
			buildConfigurationList = 90DC40171C5F3FB500516F27 /* Build configuration list for PBXNativeTarget "HandoffBsp" */;
			buildPhases = (
				90DC40011C5F3FB500516F27 /* Sources */,
				90DC40021C5F3FB500516F27 /* Frameworks */,
				90DC40031C5F3FB500516F27 /* Resources */,
			);
			buildRules = (
			);
			dependencies = (
			);
			name = HandoffBsp;
			productName = HandoffBsp;
			productReference = 90DC40051C5F3FB500516F27 /* HandoffBsp.app */;
			productType = "com.apple.product-type.application";
		};
/* End PBXNativeTarget section */

/* Begin PBXProject section */
		90DC3FFD1C5F3FB500516F27 /* Project object */ = {
			isa = PBXProject;
			attributes = {
				LastSwiftUpdateCheck = 0720;
				LastUpgradeCheck = 0800;
				ORGANIZATIONNAME = "Christian Bleske";
				TargetAttributes = {
					90DC40041C5F3FB500516F27 = {
						CreatedOnToolsVersion = 7.2;
						DevelopmentTeam = B688N957UZ;
						DevelopmentTeamName = "Christian Bleske";
						LastSwiftMigration = 0800;
					};
				};
			};
			buildConfigurationList = 90DC40001C5F3FB500516F27 /* Build configuration list for PBXProject "HandoffBsp" */;
			compatibilityVersion = "Xcode 3.2";
			developmentRegion = English;
			hasScannedForEncodings = 0;
			knownRegions = (
				en,
				Base,
			);
			mainGroup = 90DC3FFC1C5F3FB500516F27;
			productRefGroup = 90DC40061C5F3FB500516F27 /* Products */;
			projectDirPath = "";
			projectRoot = "";
			targets = (
				90DC40041C5F3FB500516F27 /* HandoffBsp */,
			);
		};
/* End PBXProject section */

/* Begin PBXResourcesBuildPhase section */
		90DC40031C5F3FB500516F27 /* Resources */ = {
			isa = PBXResourcesBuildPhase;
			buildActionMask = 2147483647;
			files = (
				90DC40131C5F3FB500516F27 /* LaunchScreen.storyboard in Resources */,
				90DC40101C5F3FB500516F27 /* Assets.xcassets in Resources */,
				90DC400E1C5F3FB500516F27 /* Main.storyboard in Resources */,
			);
			runOnlyForDeploymentPostprocessing = 0;
		};
/* End PBXResourcesBuildPhase section */

/* Begin PBXSourcesBuildPhase section */
		90DC40011C5F3FB500516F27 /* Sources */ = {
			isa = PBXSourcesBuildPhase;
			buildActionMask = 2147483647;
			files = (
				90DC400B1C5F3FB500516F27 /* ViewController.swift in Sources */,
				90DC40091C5F3FB500516F27 /* AppDelegate.swift in Sources */,
			);
			runOnlyForDeploymentPostprocessing = 0;
		};
/* End PBXSourcesBuildPhase section */

/* Begin PBXVariantGroup section */
		90DC400C1C5F3FB500516F27 /* Main.storyboard */ = {
			isa = PBXVariantGroup;
			children = (
				90DC400D1C5F3FB500516F27 /* Base */,
			);
			name = Main.storyboard;
			sourceTree = "<group>";
		};
		90DC40111C5F3FB500516F27 /* LaunchScreen.storyboard */ = {
			isa = PBXVariantGroup;
			children = (
				90DC40121C5F3FB500516F27 /* Base */,
			);
			name = LaunchScreen.storyboard;
			sourceTree = "<group>";
		};
/* End PBXVariantGroup section */

/* Begin XCBuildConfiguration section */
		90DC40151C5F3FB500516F27 /* Debug */ = {
			isa = XCBuildConfiguration;
			buildSettings = {
				ALWAYS_SEARCH_USER_PATHS = NO;
				CLANG_CXX_LANGUAGE_STANDARD = "gnu++0x";
				CLANG_CXX_LIBRARY = "libc++";
				CLANG_ENABLE_MODULES = YES;
				CLANG_ENABLE_OBJC_ARC = YES;
				CLANG_WARN_BOOL_CONVERSION = YES;
				CLANG_WARN_CONSTANT_CONVERSION = YES;
				CLANG_WARN_DIRECT_OBJC_ISA_USAGE = YES_ERROR;
				CLANG_WARN_EMPTY_BODY = YES;
				CLANG_WARN_ENUM_CONVERSION = YES;
				CLANG_WARN_INT_CONVERSION = YES;
				CLANG_WARN_OBJC_ROOT_CLASS = YES_ERROR;
				CLANG_WARN_UNREACHABLE_CODE = YES;
				CLANG_WARN__DUPLICATE_METHOD_MATCH = YES;
				"CODE_SIGN_IDENTITY[sdk=iphoneos*]" = "iPhone Developer";
				COPY_PHASE_STRIP = NO;
				DEBUG_INFORMATION_FORMAT = dwarf;
				ENABLE_STRICT_OBJC_MSGSEND = YES;
				ENABLE_TESTABILITY = YES;
				GCC_C_LANGUAGE_STANDARD = gnu99;
				GCC_DYNAMIC_NO_PIC = NO;
				GCC_NO_COMMON_BLOCKS = YES;
				GCC_OPTIMIZATION_LEVEL = 0;
				GCC_PREPROCESSOR_DEFINITIONS = (
					"DEBUG=1",
					"$(inherited)",
				);
				GCC_WARN_64_TO_32_BIT_CONVERSION = YES;
				GCC_WARN_ABOUT_RETURN_TYPE = YES_ERROR;
				GCC_WARN_UNDECLARED_SELECTOR = YES;
				GCC_WARN_UNINITIALIZED_AUTOS = YES_AGGRESSIVE;
				GCC_WARN_UNUSED_FUNCTION = YES;
				GCC_WARN_UNUSED_VARIABLE = YES;
				IPHONEOS_DEPLOYMENT_TARGET = 9.2;
				MTL_ENABLE_DEBUG_INFO = YES;
				ONLY_ACTIVE_ARCH = YES;
				SDKROOT = iphoneos;
				SWIFT_OPTIMIZATION_LEVEL = "-Onone";
				TARGETED_DEVICE_FAMILY = "1,2";
			};
			name = Debug;
		};
		90DC40161C5F3FB500516F27 /* Release */ = {
			isa = XCBuildConfiguration;
			buildSettings = {
				ALWAYS_SEARCH_USER_PATHS = NO;
				CLANG_CXX_LANGUAGE_STANDARD = "gnu++0x";
				CLANG_CXX_LIBRARY = "libc++";
				CLANG_ENABLE_MODULES = YES;
				CLANG_ENABLE_OBJC_ARC = YES;
				CLANG_WARN_BOOL_CONVERSION = YES;
				CLANG_WARN_CONSTANT_CONVERSION = YES;
				CLANG_WARN_DIRECT_OBJC_ISA_USAGE = YES_ERROR;
				CLANG_WARN_EMPTY_BODY = YES;
				CLANG_WARN_ENUM_CONVERSION = YES;
				CLANG_WARN_INT_CONVERSION = YES;
				CLANG_WARN_OBJC_ROOT_CLASS = YES_ERROR;
				CLANG_WARN_UNREACHABLE_CODE = YES;
				CLANG_WARN__DUPLICATE_METHOD_MATCH = YES;
				"CODE_SIGN_IDENTITY[sdk=iphoneos*]" = "iPhone Developer";
				COPY_PHASE_STRIP = NO;
				DEBUG_INFORMATION_FORMAT = "dwarf-with-dsym";
				ENABLE_NS_ASSERTIONS = NO;
				ENABLE_STRICT_OBJC_MSGSEND = YES;
				GCC_C_LANGUAGE_STANDARD = gnu99;
				GCC_NO_COMMON_BLOCKS = YES;
				GCC_WARN_64_TO_32_BIT_CONVERSION = YES;
				GCC_WARN_ABOUT_RETURN_TYPE = YES_ERROR;
				GCC_WARN_UNDECLARED_SELECTOR = YES;
				GCC_WARN_UNINITIALIZED_AUTOS = YES_AGGRESSIVE;
				GCC_WARN_UNUSED_FUNCTION = YES;
				GCC_WARN_UNUSED_VARIABLE = YES;
				IPHONEOS_DEPLOYMENT_TARGET = 9.2;
				MTL_ENABLE_DEBUG_INFO = NO;
				SDKROOT = iphoneos;
				TARGETED_DEVICE_FAMILY = "1,2";
				VALIDATE_PRODUCT = YES;
			};
			name = Release;
		};
		90DC40181C5F3FB500516F27 /* Debug */ = {
			isa = XCBuildConfiguration;
			buildSettings = {
				ASSETCATALOG_COMPILER_APPICON_NAME = AppIcon;
				INFOPLIST_FILE = HandoffBsp/Info.plist;
				LD_RUNPATH_SEARCH_PATHS = "$(inherited) @executable_path/Frameworks";
				PRODUCT_BUNDLE_IDENTIFIER = com.christianbleske.HandoffBsp;
				PRODUCT_NAME = "$(TARGET_NAME)";
				SWIFT_VERSION = 3.0;
			};
			name = Debug;
		};
		90DC40191C5F3FB500516F27 /* Release */ = {
			isa = XCBuildConfiguration;
			buildSettings = {
				ASSETCATALOG_COMPILER_APPICON_NAME = AppIcon;
				INFOPLIST_FILE = HandoffBsp/Info.plist;
				LD_RUNPATH_SEARCH_PATHS = "$(inherited) @executable_path/Frameworks";
				PRODUCT_BUNDLE_IDENTIFIER = com.christianbleske.HandoffBsp;
				PRODUCT_NAME = "$(TARGET_NAME)";
				SWIFT_OPTIMIZATION_LEVEL = "-Owholemodule";
				SWIFT_VERSION = 3.0;
			};
			name = Release;
		};
/* End XCBuildConfiguration section */

/* Begin XCConfigurationList section */
		90DC40001C5F3FB500516F27 /* Build configuration list for PBXProject "HandoffBsp" */ = {
			isa = XCConfigurationList;
			buildConfigurations = (
				90DC40151C5F3FB500516F27 /* Debug */,
				90DC40161C5F3FB500516F27 /* Release */,
			);
			defaultConfigurationIsVisible = 0;
			defaultConfigurationName = Release;
		};
		90DC40171C5F3FB500516F27 /* Build configuration list for PBXNativeTarget "HandoffBsp" */ = {
			isa = XCConfigurationList;
			buildConfigurations = (
				90DC40181C5F3FB500516F27 /* Debug */,
				90DC40191C5F3FB500516F27 /* Release */,
			);
			defaultConfigurationIsVisible = 0;
			defaultConfigurationName = Release;
		};
/* End XCConfigurationList section */
	};
	rootObject = 90DC3FFD1C5F3FB500516F27 /* Project object */;
}
